
Microsoft Visual Studio Solution File, Format Version 12.00
# Visual Studio Version 17
VisualStudioVersion = 17.5.002.0
MinimumVisualStudioVersion = 10.0.40219.1
Project("{9A19103F-16F7-4668-BE54-9A1E7A4F7556}") = "HelloWorld", "SQLSeed\HelloWorld.csproj", "{2EE90E80-EE09-4E13-B544-2298296A35CB}"
EndProject
Project("{9A19103F-16F7-4668-BE54-9A1E7A4F7556}") = "DotnetAPIOld", "DotnetAPIOld\DotnetAPIOld.csproj", "{383ECF0D-5E4B-4DF4-9A43-C51DDD2B22DF}"
EndProject
Project("{2150E333-8FDC-42A3-9474-1A3956D46DE8}") = "2-Intermediate", "2-Intermediate", "{BBF3F0F2-A8F0-49E8-9AD6-AE47DED7BF05}"
EndProject
Project("{9A19103F-16F7-4668-BE54-9A1E7A4F7556}") = "HelloWorld", "2-Intermediate\5-HelloWorld_Files\HelloWorld.csproj", "{24E2DD44-A7C4-49AB-B374-5BCD9CAF5777}"
EndProject
Project("{9A19103F-16F7-4668-BE54-9A1E7A4F7556}") = "HelloWorld (1)", "2-Intermediate\7-HelloWorld_Mapping\HelloWorld.csproj", "{9680C399-752D-417E-9A59-CBB86F86B85E}"
EndProject
Project("{9A19103F-16F7-4668-BE54-9A1E7A4F7556}") = "HelloWorld (2)", "2-Intermediate\2-HelloWorld_NameSpaces\HelloWorld.csproj", "{6CCC0E81-D9E1-4E72-BF14-08884B244751}"
EndProject
Project("{9A19103F-16F7-4668-BE54-9A1E7A4F7556}") = "HelloWorld (3)", "2-Intermediate\1-HelloWorld_Models\HelloWorld.csproj", "{A9F015A8-E4BC-4F6E-858A-F70C2ACCA844}"
EndProject
Project("{9A19103F-16F7-4668-BE54-9A1E7A4F7556}") = "HelloWorld (4)", "2-Intermediate\3-HelloWorld_Database\HelloWorld.csproj", "{B7D0319D-668D-4C82-B4A5-FEE187A5F745}"
EndProject
Project("{9A19103F-16F7-4668-BE54-9A1E7A4F7556}") = "HelloWorld (5)", "2-Intermediate\4-HelloWorld_Config\HelloWorld.csproj", "{A675A1D1-619A-4CB1-9498-E5230F8744E2}"
EndProject
Project("{9A19103F-16F7-4668-BE54-9A1E7A4F7556}") = "HelloWorld (6)", "2-Intermediate\6-HelloWorld_JSON\HelloWorld.csproj", "{101487AA-27AC-47D9-9BC9-40B2BD078705}"
EndProject
Project("{2150E333-8FDC-42A3-9474-1A3956D46DE8}") = "4-APIIntermediate", "4-APIIntermediate", "{6078DF61-8DEA-468C-A6F8-253086631830}"
EndProject
Project("{9A19103F-16F7-4668-BE54-9A1E7A4F7556}") = "DotnetAPI", "4-APIIntermediate\7-DotnetAPI_Repository\DotnetAPI.csproj", "{A59D23A0-5AF8-49DC-BAEE-0AD6073D310B}"
EndProject
Project("{9A19103F-16F7-4668-BE54-9A1E7A4F7556}") = "DotnetAPI (1)", "4-APIIntermediate\11-DotnetAPI_RelatedData\DotnetAPI.csproj", "{61409A7A-43EF-4D91-9D14-5C56B337A476}"
EndProject
Project("{9A19103F-16F7-4668-BE54-9A1E7A4F7556}") = "DotnetAPI (2)", "4-APIIntermediate\10-DotnetAPI_Helpers\DotnetAPI.csproj", "{0AD554B0-1E3E-41D2-B1DC-4E51B3D50C6E}"
EndProject
Project("{9A19103F-16F7-4668-BE54-9A1E7A4F7556}") = "DotnetAPI (3)", "4-APIIntermediate\8-DotnetAPI_Authentication\DotnetAPI.csproj", "{15EB2EFC-972B-4966-8DFF-B634D85456A0}"
EndProject
Project("{9A19103F-16F7-4668-BE54-9A1E7A4F7556}") = "DotnetAPI (4)", "4-APIIntermediate\9-DotnetAPI_Authentication2\DotnetAPI.csproj", "{1000EA76-4722-4337-8A15-A2890866D8EC}"
EndProject
Project("{2150E333-8FDC-42A3-9474-1A3956D46DE8}") = "3-APIBasics", "3-APIBasics", "{4DE5EDDD-0C8D-4673-9C49-626FB5841130}"
EndProject
Project("{9A19103F-16F7-4668-BE54-9A1E7A4F7556}") = "DotnetAPI", "3-APIBasics\6-DotnetAPI_UserPeripherals\DotnetAPI.csproj", "{5DE1D331-6659-4BE6-A1E7-271F97AD900A}"
EndProject
Project("{9A19103F-16F7-4668-BE54-9A1E7A4F7556}") = "DotnetAPI (1)", "3-APIBasics\3-DotnetAPI_Models\DotnetAPI.csproj", "{B34099F9-2015-4CA4-B31B-787971585793}"
EndProject
Project("{9A19103F-16F7-4668-BE54-9A1E7A4F7556}") = "DotnetAPI (2)", "3-APIBasics\4-DotnetAPI_User\DotnetAPI.csproj", "{9B8C9F78-E12C-4C55-B4A2-2A8B02627E83}"
EndProject
Project("{9A19103F-16F7-4668-BE54-9A1E7A4F7556}") = "DotnetAPI (3)", "3-APIBasics\1-DotnetAPI_Start\DotnetAPI.csproj", "{CD4C4401-BF5F-4CBA-AE03-94A1AADF47A0}"
EndProject
Project("{9A19103F-16F7-4668-BE54-9A1E7A4F7556}") = "DotnetAPI (4)", "3-APIBasics\5-DotnetAPI_EntityFramework\DotnetAPI.csproj", "{042017C8-F7EA-4268-9B27-A6CA85C74EDD}"
EndProject
Project("{9A19103F-16F7-4668-BE54-9A1E7A4F7556}") = "DotnetAPI (5)", "3-APIBasics\2-DotnetAPI_Setup\DotnetAPI.csproj", "{545FDC46-E610-4A53-9B1A-CD336F34BD63}"
EndProject
Project("{2150E333-8FDC-42A3-9474-1A3956D46DE8}") = "1-Basics", "1-Basics", "{8F5A673F-6A04-4710-883C-2596482DF22B}"
EndProject
Project("{9A19103F-16F7-4668-BE54-9A1E7A4F7556}") = "HelloWorld", "1-Basics\3-HelloWorld_Variables\HelloWorld.csproj", "{E70937EF-CCFE-4215-B728-6EFC5B959374}"
EndProject
Project("{9A19103F-16F7-4668-BE54-9A1E7A4F7556}") = "HelloWorld (1)", "1-Basics\6b-Assignment_Loops\HelloWorld.csproj", "{87C50DEC-7C76-4B0D-AC11-DA4C4CDE6122}"
EndProject
Project("{9A19103F-16F7-4668-BE54-9A1E7A4F7556}") = "HelloWorld (2)", "1-Basics\4-HelloWorld_Operators\HelloWorld.csproj", "{4638D099-2AA0-44C1-A9AE-6BCCCA4FA52E}"
EndProject
Project("{9A19103F-16F7-4668-BE54-9A1E7A4F7556}") = "HelloWorld (3)", "1-Basics\2-HelloWorld_ConsoleWriteLine\HelloWorld.csproj", "{A9A6D8B0-1C8B-4EF0-BB2D-20701175928E}"
EndProject
Project("{9A19103F-16F7-4668-BE54-9A1E7A4F7556}") = "HelloWorld (4)", "1-Basics\8-HelloWorld_Scope\HelloWorld.csproj", "{A70D2744-45B9-4479-ACB3-A5C5764CD8CC}"
EndProject
Project("{9A19103F-16F7-4668-BE54-9A1E7A4F7556}") = "HelloWorld (5)", "1-Basics\5-HelloWorld_Conditionals\HelloWorld.csproj", "{1D8520CE-3D47-4045-A08A-9D3C4A2671F4}"
EndProject
Project("{9A19103F-16F7-4668-BE54-9A1E7A4F7556}") = "HelloWorld (6)", "1-Basics\5b-Assignment_Conditionals\HelloWorld.csproj", "{DE64D034-8B13-4168-84F9-5F448DD6AC55}"
EndProject
Project("{9A19103F-16F7-4668-BE54-9A1E7A4F7556}") = "HelloWorld (7)", "1-Basics\3b-Assignment_Variables\HelloWorld.csproj", "{3E938CD9-61DF-45EF-8506-860BB676D25F}"
EndProject
Project("{9A19103F-16F7-4668-BE54-9A1E7A4F7556}") = "HelloWorld (8)", "1-Basics\3c-Assignment_DataStructures\HelloWorld.csproj", "{10027298-16B5-4C84-8A35-C26E526B76C1}"
EndProject
Project("{9A19103F-16F7-4668-BE54-9A1E7A4F7556}") = "HelloWorld (9)", "1-Basics\7-HelloWorld_Methods_Arguments_Return\HelloWorld.csproj", "{7E71588F-0BC4-49AD-A32A-31BC05DF6555}"
EndProject
Project("{9A19103F-16F7-4668-BE54-9A1E7A4F7556}") = "HelloWorld (10)", "1-Basics\1-HelloWorld_Start\HelloWorld.csproj", "{DB62890E-BA0B-4F15-B27F-CA3BC934BB94}"
EndProject
Project("{9A19103F-16F7-4668-BE54-9A1E7A4F7556}") = "HelloWorld (11)", "1-Basics\7b-Assignment_Methods\HelloWorld.csproj", "{F7190E51-9C8A-4CCC-AC51-B0A4CA99E344}"
EndProject
Project("{9A19103F-16F7-4668-BE54-9A1E7A4F7556}") = "HelloWorld (12)", "1-Basics\6-HelloWorld_Loops\HelloWorld.csproj", "{7482ABF7-C482-42D1-B50B-C475165EF67D}"
EndProject
Project("{9A19103F-16F7-4668-BE54-9A1E7A4F7556}") = "HelloWorld (13)", "1-Basics\4b-Assignment_Operators\HelloWorld.csproj", "{FBFD751F-6C34-4393-8829-FC6C5572E5C7}"
EndProject
Project("{9A19103F-16F7-4668-BE54-9A1E7A4F7556}") = "HelloWorld (14)", "1-Basics\2b-Assignment_ConsoleWriteLine\HelloWorld.csproj", "{FC31DE29-D93E-40B6-810B-E45065FE2C55}"
EndProject
Project("{2150E333-8FDC-42A3-9474-1A3956D46DE8}") = "5-APIAdvanced", "5-APIAdvanced", "{9EDA4335-5216-4BE5-92F9-3F5BF11E4C98}"
EndProject
Project("{9A19103F-16F7-4668-BE54-9A1E7A4F7556}") = "DotnetAPI", "5-APIAdvanced\17-DotnetAPI_ParametersPosts\DotnetAPI.csproj", "{7EB9E1D9-AC4B-4695-8134-EC51BAFDA8F3}"
EndProject
Project("{9A19103F-16F7-4668-BE54-9A1E7A4F7556}") = "DotnetAPI (1)", "5-APIAdvanced\14-DotnetAPI_SQLAuth\DotnetAPI.csproj", "{5F3B3A7B-3F06-4318-A409-BAFD7DFAF6F3}"
EndProject
Project("{9A19103F-16F7-4668-BE54-9A1E7A4F7556}") = "DotnetAPI (2)", "5-APIAdvanced\13-DotnetAPI_SQLPosts\DotnetAPI.csproj", "{C48F990E-2649-4104-A424-E54C6CBCC12C}"
EndProject
Project("{9A19103F-16F7-4668-BE54-9A1E7A4F7556}") = "DotnetAPI (3)", "5-APIAdvanced\16-DotnetAPI_ParametersUser\DotnetAPI.csproj", "{1ACB265A-CEE7-4670-A1BC-D1BC368814EC}"
EndProject
Project("{9A19103F-16F7-4668-BE54-9A1E7A4F7556}") = "DotnetAPI (4)", "5-APIAdvanced\18-DotnetAPI_SqlHelper\DotnetAPI.csproj", "{65BDDC1F-9E55-4980-A970-0B491569C2E4}"
EndProject
Project("{9A19103F-16F7-4668-BE54-9A1E7A4F7556}") = "DotnetAPI (5)", "5-APIAdvanced\15-DotnetAPI_Cleanup\DotnetAPI.csproj", "{6C92F619-C87D-406E-B812-1300ED489573}"
EndProject
Project("{9A19103F-16F7-4668-BE54-9A1E7A4F7556}") = "DotnetAPI (6)", "5-APIAdvanced\12-DotnetAPI_SQLUsers\DotnetAPI.csproj", "{6C88C39B-05ED-425D-BCFE-FC3E6E452CE1}"
EndProject
Global
	GlobalSection(SolutionConfigurationPlatforms) = preSolution
		Debug|Any CPU = Debug|Any CPU
		Release|Any CPU = Release|Any CPU
	EndGlobalSection
	GlobalSection(ProjectConfigurationPlatforms) = postSolution
		{2EE90E80-EE09-4E13-B544-2298296A35CB}.Debug|Any CPU.ActiveCfg = Debug|Any CPU
		{2EE90E80-EE09-4E13-B544-2298296A35CB}.Debug|Any CPU.Build.0 = Debug|Any CPU
		{2EE90E80-EE09-4E13-B544-2298296A35CB}.Release|Any CPU.ActiveCfg = Release|Any CPU
		{2EE90E80-EE09-4E13-B544-2298296A35CB}.Release|Any CPU.Build.0 = Release|Any CPU
		{383ECF0D-5E4B-4DF4-9A43-C51DDD2B22DF}.Debug|Any CPU.ActiveCfg = Debug|Any CPU
		{383ECF0D-5E4B-4DF4-9A43-C51DDD2B22DF}.Debug|Any CPU.Build.0 = Debug|Any CPU
		{383ECF0D-5E4B-4DF4-9A43-C51DDD2B22DF}.Release|Any CPU.ActiveCfg = Release|Any CPU
		{383ECF0D-5E4B-4DF4-9A43-C51DDD2B22DF}.Release|Any CPU.Build.0 = Release|Any CPU
		{24E2DD44-A7C4-49AB-B374-5BCD9CAF5777}.Debug|Any CPU.ActiveCfg = Debug|Any CPU
		{24E2DD44-A7C4-49AB-B374-5BCD9CAF5777}.Debug|Any CPU.Build.0 = Debug|Any CPU
		{24E2DD44-A7C4-49AB-B374-5BCD9CAF5777}.Release|Any CPU.ActiveCfg = Release|Any CPU
		{24E2DD44-A7C4-49AB-B374-5BCD9CAF5777}.Release|Any CPU.Build.0 = Release|Any CPU
		{9680C399-752D-417E-9A59-CBB86F86B85E}.Debug|Any CPU.ActiveCfg = Debug|Any CPU
		{9680C399-752D-417E-9A59-CBB86F86B85E}.Debug|Any CPU.Build.0 = Debug|Any CPU
		{9680C399-752D-417E-9A59-CBB86F86B85E}.Release|Any CPU.ActiveCfg = Release|Any CPU
		{9680C399-752D-417E-9A59-CBB86F86B85E}.Release|Any CPU.Build.0 = Release|Any CPU
		{6CCC0E81-D9E1-4E72-BF14-08884B244751}.Debug|Any CPU.ActiveCfg = Debug|Any CPU
		{6CCC0E81-D9E1-4E72-BF14-08884B244751}.Debug|Any CPU.Build.0 = Debug|Any CPU
		{6CCC0E81-D9E1-4E72-BF14-08884B244751}.Release|Any CPU.ActiveCfg = Release|Any CPU
		{6CCC0E81-D9E1-4E72-BF14-08884B244751}.Release|Any CPU.Build.0 = Release|Any CPU
		{A9F015A8-E4BC-4F6E-858A-F70C2ACCA844}.Debug|Any CPU.ActiveCfg = Debug|Any CPU
		{A9F015A8-E4BC-4F6E-858A-F70C2ACCA844}.Debug|Any CPU.Build.0 = Debug|Any CPU
		{A9F015A8-E4BC-4F6E-858A-F70C2ACCA844}.Release|Any CPU.ActiveCfg = Release|Any CPU
		{A9F015A8-E4BC-4F6E-858A-F70C2ACCA844}.Release|Any CPU.Build.0 = Release|Any CPU
		{B7D0319D-668D-4C82-B4A5-FEE187A5F745}.Debug|Any CPU.ActiveCfg = Debug|Any CPU
		{B7D0319D-668D-4C82-B4A5-FEE187A5F745}.Debug|Any CPU.Build.0 = Debug|Any CPU
		{B7D0319D-668D-4C82-B4A5-FEE187A5F745}.Release|Any CPU.ActiveCfg = Release|Any CPU
		{B7D0319D-668D-4C82-B4A5-FEE187A5F745}.Release|Any CPU.Build.0 = Release|Any CPU
		{A675A1D1-619A-4CB1-9498-E5230F8744E2}.Debug|Any CPU.ActiveCfg = Debug|Any CPU
		{A675A1D1-619A-4CB1-9498-E5230F8744E2}.Debug|Any CPU.Build.0 = Debug|Any CPU
		{A675A1D1-619A-4CB1-9498-E5230F8744E2}.Release|Any CPU.ActiveCfg = Release|Any CPU
		{A675A1D1-619A-4CB1-9498-E5230F8744E2}.Release|Any CPU.Build.0 = Release|Any CPU
		{101487AA-27AC-47D9-9BC9-40B2BD078705}.Debug|Any CPU.ActiveCfg = Debug|Any CPU
		{101487AA-27AC-47D9-9BC9-40B2BD078705}.Debug|Any CPU.Build.0 = Debug|Any CPU
		{101487AA-27AC-47D9-9BC9-40B2BD078705}.Release|Any CPU.ActiveCfg = Release|Any CPU
		{101487AA-27AC-47D9-9BC9-40B2BD078705}.Release|Any CPU.Build.0 = Release|Any CPU
		{A59D23A0-5AF8-49DC-BAEE-0AD6073D310B}.Debug|Any CPU.ActiveCfg = Debug|Any CPU
		{A59D23A0-5AF8-49DC-BAEE-0AD6073D310B}.Debug|Any CPU.Build.0 = Debug|Any CPU
		{A59D23A0-5AF8-49DC-BAEE-0AD6073D310B}.Release|Any CPU.ActiveCfg = Release|Any CPU
		{A59D23A0-5AF8-49DC-BAEE-0AD6073D310B}.Release|Any CPU.Build.0 = Release|Any CPU
		{61409A7A-43EF-4D91-9D14-5C56B337A476}.Debug|Any CPU.ActiveCfg = Debug|Any CPU
		{61409A7A-43EF-4D91-9D14-5C56B337A476}.Debug|Any CPU.Build.0 = Debug|Any CPU
		{61409A7A-43EF-4D91-9D14-5C56B337A476}.Release|Any CPU.ActiveCfg = Release|Any CPU
		{61409A7A-43EF-4D91-9D14-5C56B337A476}.Release|Any CPU.Build.0 = Release|Any CPU
		{0AD554B0-1E3E-41D2-B1DC-4E51B3D50C6E}.Debug|Any CPU.ActiveCfg = Debug|Any CPU
		{0AD554B0-1E3E-41D2-B1DC-4E51B3D50C6E}.Debug|Any CPU.Build.0 = Debug|Any CPU
		{0AD554B0-1E3E-41D2-B1DC-4E51B3D50C6E}.Release|Any CPU.ActiveCfg = Release|Any CPU
		{0AD554B0-1E3E-41D2-B1DC-4E51B3D50C6E}.Release|Any CPU.Build.0 = Release|Any CPU
		{15EB2EFC-972B-4966-8DFF-B634D85456A0}.Debug|Any CPU.ActiveCfg = Debug|Any CPU
		{15EB2EFC-972B-4966-8DFF-B634D85456A0}.Debug|Any CPU.Build.0 = Debug|Any CPU
		{15EB2EFC-972B-4966-8DFF-B634D85456A0}.Release|Any CPU.ActiveCfg = Release|Any CPU
		{15EB2EFC-972B-4966-8DFF-B634D85456A0}.Release|Any CPU.Build.0 = Release|Any CPU
		{1000EA76-4722-4337-8A15-A2890866D8EC}.Debug|Any CPU.ActiveCfg = Debug|Any CPU
		{1000EA76-4722-4337-8A15-A2890866D8EC}.Debug|Any CPU.Build.0 = Debug|Any CPU
		{1000EA76-4722-4337-8A15-A2890866D8EC}.Release|Any CPU.ActiveCfg = Release|Any CPU
		{1000EA76-4722-4337-8A15-A2890866D8EC}.Release|Any CPU.Build.0 = Release|Any CPU
		{5DE1D331-6659-4BE6-A1E7-271F97AD900A}.Debug|Any CPU.ActiveCfg = Debug|Any CPU
		{5DE1D331-6659-4BE6-A1E7-271F97AD900A}.Debug|Any CPU.Build.0 = Debug|Any CPU
		{5DE1D331-6659-4BE6-A1E7-271F97AD900A}.Release|Any CPU.ActiveCfg = Release|Any CPU
		{5DE1D331-6659-4BE6-A1E7-271F97AD900A}.Release|Any CPU.Build.0 = Release|Any CPU
		{B34099F9-2015-4CA4-B31B-787971585793}.Debug|Any CPU.ActiveCfg = Debug|Any CPU
		{B34099F9-2015-4CA4-B31B-787971585793}.Debug|Any CPU.Build.0 = Debug|Any CPU
		{B34099F9-2015-4CA4-B31B-787971585793}.Release|Any CPU.ActiveCfg = Release|Any CPU
		{B34099F9-2015-4CA4-B31B-787971585793}.Release|Any CPU.Build.0 = Release|Any CPU
		{9B8C9F78-E12C-4C55-B4A2-2A8B02627E83}.Debug|Any CPU.ActiveCfg = Debug|Any CPU
		{9B8C9F78-E12C-4C55-B4A2-2A8B02627E83}.Debug|Any CPU.Build.0 = Debug|Any CPU
		{9B8C9F78-E12C-4C55-B4A2-2A8B02627E83}.Release|Any CPU.ActiveCfg = Release|Any CPU
		{9B8C9F78-E12C-4C55-B4A2-2A8B02627E83}.Release|Any CPU.Build.0 = Release|Any CPU
		{CD4C4401-BF5F-4CBA-AE03-94A1AADF47A0}.Debug|Any CPU.ActiveCfg = Debug|Any CPU
		{CD4C4401-BF5F-4CBA-AE03-94A1AADF47A0}.Debug|Any CPU.Build.0 = Debug|Any CPU
		{CD4C4401-BF5F-4CBA-AE03-94A1AADF47A0}.Release|Any CPU.ActiveCfg = Release|Any CPU
		{CD4C4401-BF5F-4CBA-AE03-94A1AADF47A0}.Release|Any CPU.Build.0 = Release|Any CPU
		{042017C8-F7EA-4268-9B27-A6CA85C74EDD}.Debug|Any CPU.ActiveCfg = Debug|Any CPU
		{042017C8-F7EA-4268-9B27-A6CA85C74EDD}.Debug|Any CPU.Build.0 = Debug|Any CPU
		{042017C8-F7EA-4268-9B27-A6CA85C74EDD}.Release|Any CPU.ActiveCfg = Release|Any CPU
		{042017C8-F7EA-4268-9B27-A6CA85C74EDD}.Release|Any CPU.Build.0 = Release|Any CPU
		{545FDC46-E610-4A53-9B1A-CD336F34BD63}.Debug|Any CPU.ActiveCfg = Debug|Any CPU
		{545FDC46-E610-4A53-9B1A-CD336F34BD63}.Debug|Any CPU.Build.0 = Debug|Any CPU
		{545FDC46-E610-4A53-9B1A-CD336F34BD63}.Release|Any CPU.ActiveCfg = Release|Any CPU
		{545FDC46-E610-4A53-9B1A-CD336F34BD63}.Release|Any CPU.Build.0 = Release|Any CPU
		{E70937EF-CCFE-4215-B728-6EFC5B959374}.Debug|Any CPU.ActiveCfg = Debug|Any CPU
		{E70937EF-CCFE-4215-B728-6EFC5B959374}.Debug|Any CPU.Build.0 = Debug|Any CPU
		{E70937EF-CCFE-4215-B728-6EFC5B959374}.Release|Any CPU.ActiveCfg = Release|Any CPU
		{E70937EF-CCFE-4215-B728-6EFC5B959374}.Release|Any CPU.Build.0 = Release|Any CPU
		{87C50DEC-7C76-4B0D-AC11-DA4C4CDE6122}.Debug|Any CPU.ActiveCfg = Debug|Any CPU
		{87C50DEC-7C76-4B0D-AC11-DA4C4CDE6122}.Debug|Any CPU.Build.0 = Debug|Any CPU
		{87C50DEC-7C76-4B0D-AC11-DA4C4CDE6122}.Release|Any CPU.ActiveCfg = Release|Any CPU
		{87C50DEC-7C76-4B0D-AC11-DA4C4CDE6122}.Release|Any CPU.Build.0 = Release|Any CPU
		{4638D099-2AA0-44C1-A9AE-6BCCCA4FA52E}.Debug|Any CPU.ActiveCfg = Debug|Any CPU
		{4638D099-2AA0-44C1-A9AE-6BCCCA4FA52E}.Debug|Any CPU.Build.0 = Debug|Any CPU
		{4638D099-2AA0-44C1-A9AE-6BCCCA4FA52E}.Release|Any CPU.ActiveCfg = Release|Any CPU
		{4638D099-2AA0-44C1-A9AE-6BCCCA4FA52E}.Release|Any CPU.Build.0 = Release|Any CPU
		{A9A6D8B0-1C8B-4EF0-BB2D-20701175928E}.Debug|Any CPU.ActiveCfg = Debug|Any CPU
		{A9A6D8B0-1C8B-4EF0-BB2D-20701175928E}.Debug|Any CPU.Build.0 = Debug|Any CPU
		{A9A6D8B0-1C8B-4EF0-BB2D-20701175928E}.Release|Any CPU.ActiveCfg = Release|Any CPU
		{A9A6D8B0-1C8B-4EF0-BB2D-20701175928E}.Release|Any CPU.Build.0 = Release|Any CPU
		{A70D2744-45B9-4479-ACB3-A5C5764CD8CC}.Debug|Any CPU.ActiveCfg = Debug|Any CPU
		{A70D2744-45B9-4479-ACB3-A5C5764CD8CC}.Debug|Any CPU.Build.0 = Debug|Any CPU
		{A70D2744-45B9-4479-ACB3-A5C5764CD8CC}.Release|Any CPU.ActiveCfg = Release|Any CPU
		{A70D2744-45B9-4479-ACB3-A5C5764CD8CC}.Release|Any CPU.Build.0 = Release|Any CPU
		{1D8520CE-3D47-4045-A08A-9D3C4A2671F4}.Debug|Any CPU.ActiveCfg = Debug|Any CPU
		{1D8520CE-3D47-4045-A08A-9D3C4A2671F4}.Debug|Any CPU.Build.0 = Debug|Any CPU
		{1D8520CE-3D47-4045-A08A-9D3C4A2671F4}.Release|Any CPU.ActiveCfg = Release|Any CPU
		{1D8520CE-3D47-4045-A08A-9D3C4A2671F4}.Release|Any CPU.Build.0 = Release|Any CPU
		{DE64D034-8B13-4168-84F9-5F448DD6AC55}.Debug|Any CPU.ActiveCfg = Debug|Any CPU
		{DE64D034-8B13-4168-84F9-5F448DD6AC55}.Debug|Any CPU.Build.0 = Debug|Any CPU
		{DE64D034-8B13-4168-84F9-5F448DD6AC55}.Release|Any CPU.ActiveCfg = Release|Any CPU
		{DE64D034-8B13-4168-84F9-5F448DD6AC55}.Release|Any CPU.Build.0 = Release|Any CPU
		{3E938CD9-61DF-45EF-8506-860BB676D25F}.Debug|Any CPU.ActiveCfg = Debug|Any CPU
		{3E938CD9-61DF-45EF-8506-860BB676D25F}.Debug|Any CPU.Build.0 = Debug|Any CPU
		{3E938CD9-61DF-45EF-8506-860BB676D25F}.Release|Any CPU.ActiveCfg = Release|Any CPU
		{3E938CD9-61DF-45EF-8506-860BB676D25F}.Release|Any CPU.Build.0 = Release|Any CPU
		{10027298-16B5-4C84-8A35-C26E526B76C1}.Debug|Any CPU.ActiveCfg = Debug|Any CPU
		{10027298-16B5-4C84-8A35-C26E526B76C1}.Debug|Any CPU.Build.0 = Debug|Any CPU
		{10027298-16B5-4C84-8A35-C26E526B76C1}.Release|Any CPU.ActiveCfg = Release|Any CPU
		{10027298-16B5-4C84-8A35-C26E526B76C1}.Release|Any CPU.Build.0 = Release|Any CPU
		{7E71588F-0BC4-49AD-A32A-31BC05DF6555}.Debug|Any CPU.ActiveCfg = Debug|Any CPU
		{7E71588F-0BC4-49AD-A32A-31BC05DF6555}.Debug|Any CPU.Build.0 = Debug|Any CPU
		{7E71588F-0BC4-49AD-A32A-31BC05DF6555}.Release|Any CPU.ActiveCfg = Release|Any CPU
		{7E71588F-0BC4-49AD-A32A-31BC05DF6555}.Release|Any CPU.Build.0 = Release|Any CPU
		{DB62890E-BA0B-4F15-B27F-CA3BC934BB94}.Debug|Any CPU.ActiveCfg = Debug|Any CPU
		{DB62890E-BA0B-4F15-B27F-CA3BC934BB94}.Debug|Any CPU.Build.0 = Debug|Any CPU
		{DB62890E-BA0B-4F15-B27F-CA3BC934BB94}.Release|Any CPU.ActiveCfg = Release|Any CPU
		{DB62890E-BA0B-4F15-B27F-CA3BC934BB94}.Release|Any CPU.Build.0 = Release|Any CPU
		{F7190E51-9C8A-4CCC-AC51-B0A4CA99E344}.Debug|Any CPU.ActiveCfg = Debug|Any CPU
		{F7190E51-9C8A-4CCC-AC51-B0A4CA99E344}.Debug|Any CPU.Build.0 = Debug|Any CPU
		{F7190E51-9C8A-4CCC-AC51-B0A4CA99E344}.Release|Any CPU.ActiveCfg = Release|Any CPU
		{F7190E51-9C8A-4CCC-AC51-B0A4CA99E344}.Release|Any CPU.Build.0 = Release|Any CPU
		{7482ABF7-C482-42D1-B50B-C475165EF67D}.Debug|Any CPU.ActiveCfg = Debug|Any CPU
		{7482ABF7-C482-42D1-B50B-C475165EF67D}.Debug|Any CPU.Build.0 = Debug|Any CPU
		{7482ABF7-C482-42D1-B50B-C475165EF67D}.Release|Any CPU.ActiveCfg = Release|Any CPU
		{7482ABF7-C482-42D1-B50B-C475165EF67D}.Release|Any CPU.Build.0 = Release|Any CPU
		{FBFD751F-6C34-4393-8829-FC6C5572E5C7}.Debug|Any CPU.ActiveCfg = Debug|Any CPU
		{FBFD751F-6C34-4393-8829-FC6C5572E5C7}.Debug|Any CPU.Build.0 = Debug|Any CPU
		{FBFD751F-6C34-4393-8829-FC6C5572E5C7}.Release|Any CPU.ActiveCfg = Release|Any CPU
		{FBFD751F-6C34-4393-8829-FC6C5572E5C7}.Release|Any CPU.Build.0 = Release|Any CPU
		{FC31DE29-D93E-40B6-810B-E45065FE2C55}.Debug|Any CPU.ActiveCfg = Debug|Any CPU
		{FC31DE29-D93E-40B6-810B-E45065FE2C55}.Debug|Any CPU.Build.0 = Debug|Any CPU
		{FC31DE29-D93E-40B6-810B-E45065FE2C55}.Release|Any CPU.ActiveCfg = Release|Any CPU
		{FC31DE29-D93E-40B6-810B-E45065FE2C55}.Release|Any CPU.Build.0 = Release|Any CPU
		{7EB9E1D9-AC4B-4695-8134-EC51BAFDA8F3}.Debug|Any CPU.ActiveCfg = Debug|Any CPU
		{7EB9E1D9-AC4B-4695-8134-EC51BAFDA8F3}.Debug|Any CPU.Build.0 = Debug|Any CPU
		{7EB9E1D9-AC4B-4695-8134-EC51BAFDA8F3}.Release|Any CPU.ActiveCfg = Release|Any CPU
		{7EB9E1D9-AC4B-4695-8134-EC51BAFDA8F3}.Release|Any CPU.Build.0 = Release|Any CPU
		{5F3B3A7B-3F06-4318-A409-BAFD7DFAF6F3}.Debug|Any CPU.ActiveCfg = Debug|Any CPU
		{5F3B3A7B-3F06-4318-A409-BAFD7DFAF6F3}.Debug|Any CPU.Build.0 = Debug|Any CPU
		{5F3B3A7B-3F06-4318-A409-BAFD7DFAF6F3}.Release|Any CPU.ActiveCfg = Release|Any CPU
		{5F3B3A7B-3F06-4318-A409-BAFD7DFAF6F3}.Release|Any CPU.Build.0 = Release|Any CPU
		{C48F990E-2649-4104-A424-E54C6CBCC12C}.Debug|Any CPU.ActiveCfg = Debug|Any CPU
		{C48F990E-2649-4104-A424-E54C6CBCC12C}.Debug|Any CPU.Build.0 = Debug|Any CPU
		{C48F990E-2649-4104-A424-E54C6CBCC12C}.Release|Any CPU.ActiveCfg = Release|Any CPU
		{C48F990E-2649-4104-A424-E54C6CBCC12C}.Release|Any CPU.Build.0 = Release|Any CPU
		{1ACB265A-CEE7-4670-A1BC-D1BC368814EC}.Debug|Any CPU.ActiveCfg = Debug|Any CPU
		{1ACB265A-CEE7-4670-A1BC-D1BC368814EC}.Debug|Any CPU.Build.0 = Debug|Any CPU
		{1ACB265A-CEE7-4670-A1BC-D1BC368814EC}.Release|Any CPU.ActiveCfg = Release|Any CPU
		{1ACB265A-CEE7-4670-A1BC-D1BC368814EC}.Release|Any CPU.Build.0 = Release|Any CPU
		{65BDDC1F-9E55-4980-A970-0B491569C2E4}.Debug|Any CPU.ActiveCfg = Debug|Any CPU
		{65BDDC1F-9E55-4980-A970-0B491569C2E4}.Debug|Any CPU.Build.0 = Debug|Any CPU
		{65BDDC1F-9E55-4980-A970-0B491569C2E4}.Release|Any CPU.ActiveCfg = Release|Any CPU
		{65BDDC1F-9E55-4980-A970-0B491569C2E4}.Release|Any CPU.Build.0 = Release|Any CPU
		{6C92F619-C87D-406E-B812-1300ED489573}.Debug|Any CPU.ActiveCfg = Debug|Any CPU
		{6C92F619-C87D-406E-B812-1300ED489573}.Debug|Any CPU.Build.0 = Debug|Any CPU
		{6C92F619-C87D-406E-B812-1300ED489573}.Release|Any CPU.ActiveCfg = Release|Any CPU
		{6C92F619-C87D-406E-B812-1300ED489573}.Release|Any CPU.Build.0 = Release|Any CPU
		{6C88C39B-05ED-425D-BCFE-FC3E6E452CE1}.Debug|Any CPU.ActiveCfg = Debug|Any CPU
		{6C88C39B-05ED-425D-BCFE-FC3E6E452CE1}.Debug|Any CPU.Build.0 = Debug|Any CPU
		{6C88C39B-05ED-425D-BCFE-FC3E6E452CE1}.Release|Any CPU.ActiveCfg = Release|Any CPU
		{6C88C39B-05ED-425D-BCFE-FC3E6E452CE1}.Release|Any CPU.Build.0 = Release|Any CPU
	EndGlobalSection
	GlobalSection(SolutionProperties) = preSolution
		HideSolutionNode = FALSE
	EndGlobalSection
	GlobalSection(NestedProjects) = preSolution
		{24E2DD44-A7C4-49AB-B374-5BCD9CAF5777} = {BBF3F0F2-A8F0-49E8-9AD6-AE47DED7BF05}
		{9680C399-752D-417E-9A59-CBB86F86B85E} = {BBF3F0F2-A8F0-49E8-9AD6-AE47DED7BF05}
		{6CCC0E81-D9E1-4E72-BF14-08884B244751} = {BBF3F0F2-A8F0-49E8-9AD6-AE47DED7BF05}
		{A9F015A8-E4BC-4F6E-858A-F70C2ACCA844} = {BBF3F0F2-A8F0-49E8-9AD6-AE47DED7BF05}
		{B7D0319D-668D-4C82-B4A5-FEE187A5F745} = {BBF3F0F2-A8F0-49E8-9AD6-AE47DED7BF05}
		{A675A1D1-619A-4CB1-9498-E5230F8744E2} = {BBF3F0F2-A8F0-49E8-9AD6-AE47DED7BF05}
		{101487AA-27AC-47D9-9BC9-40B2BD078705} = {BBF3F0F2-A8F0-49E8-9AD6-AE47DED7BF05}
		{A59D23A0-5AF8-49DC-BAEE-0AD6073D310B} = {6078DF61-8DEA-468C-A6F8-253086631830}
		{61409A7A-43EF-4D91-9D14-5C56B337A476} = {6078DF61-8DEA-468C-A6F8-253086631830}
		{0AD554B0-1E3E-41D2-B1DC-4E51B3D50C6E} = {6078DF61-8DEA-468C-A6F8-253086631830}
		{15EB2EFC-972B-4966-8DFF-B634D85456A0} = {6078DF61-8DEA-468C-A6F8-253086631830}
		{1000EA76-4722-4337-8A15-A2890866D8EC} = {6078DF61-8DEA-468C-A6F8-253086631830}
		{5DE1D331-6659-4BE6-A1E7-271F97AD900A} = {4DE5EDDD-0C8D-4673-9C49-626FB5841130}
		{B34099F9-2015-4CA4-B31B-787971585793} = {4DE5EDDD-0C8D-4673-9C49-626FB5841130}
		{9B8C9F78-E12C-4C55-B4A2-2A8B02627E83} = {4DE5EDDD-0C8D-4673-9C49-626FB5841130}
		{CD4C4401-BF5F-4CBA-AE03-94A1AADF47A0} = {4DE5EDDD-0C8D-4673-9C49-626FB5841130}
		{042017C8-F7EA-4268-9B27-A6CA85C74EDD} = {4DE5EDDD-0C8D-4673-9C49-626FB5841130}
		{545FDC46-E610-4A53-9B1A-CD336F34BD63} = {4DE5EDDD-0C8D-4673-9C49-626FB5841130}
		{E70937EF-CCFE-4215-B728-6EFC5B959374} = {8F5A673F-6A04-4710-883C-2596482DF22B}
		{87C50DEC-7C76-4B0D-AC11-DA4C4CDE6122} = {8F5A673F-6A04-4710-883C-2596482DF22B}
		{4638D099-2AA0-44C1-A9AE-6BCCCA4FA52E} = {8F5A673F-6A04-4710-883C-2596482DF22B}
		{A9A6D8B0-1C8B-4EF0-BB2D-20701175928E} = {8F5A673F-6A04-4710-883C-2596482DF22B}
		{A70D2744-45B9-4479-ACB3-A5C5764CD8CC} = {8F5A673F-6A04-4710-883C-2596482DF22B}
		{1D8520CE-3D47-4045-A08A-9D3C4A2671F4} = {8F5A673F-6A04-4710-883C-2596482DF22B}
		{DE64D034-8B13-4168-84F9-5F448DD6AC55} = {8F5A673F-6A04-4710-883C-2596482DF22B}
		{3E938CD9-61DF-45EF-8506-860BB676D25F} = {8F5A673F-6A04-4710-883C-2596482DF22B}
		{10027298-16B5-4C84-8A35-C26E526B76C1} = {8F5A673F-6A04-4710-883C-2596482DF22B}
		{7E71588F-0BC4-49AD-A32A-31BC05DF6555} = {8F5A673F-6A04-4710-883C-2596482DF22B}
		{DB62890E-BA0B-4F15-B27F-CA3BC934BB94} = {8F5A673F-6A04-4710-883C-2596482DF22B}
		{F7190E51-9C8A-4CCC-AC51-B0A4CA99E344} = {8F5A673F-6A04-4710-883C-2596482DF22B}
		{7482ABF7-C482-42D1-B50B-C475165EF67D} = {8F5A673F-6A04-4710-883C-2596482DF22B}
		{FBFD751F-6C34-4393-8829-FC6C5572E5C7} = {8F5A673F-6A04-4710-883C-2596482DF22B}
		{FC31DE29-D93E-40B6-810B-E45065FE2C55} = {8F5A673F-6A04-4710-883C-2596482DF22B}
		{7EB9E1D9-AC4B-4695-8134-EC51BAFDA8F3} = {9EDA4335-5216-4BE5-92F9-3F5BF11E4C98}
		{5F3B3A7B-3F06-4318-A409-BAFD7DFAF6F3} = {9EDA4335-5216-4BE5-92F9-3F5BF11E4C98}
		{C48F990E-2649-4104-A424-E54C6CBCC12C} = {9EDA4335-5216-4BE5-92F9-3F5BF11E4C98}
		{1ACB265A-CEE7-4670-A1BC-D1BC368814EC} = {9EDA4335-5216-4BE5-92F9-3F5BF11E4C98}
		{65BDDC1F-9E55-4980-A970-0B491569C2E4} = {9EDA4335-5216-4BE5-92F9-3F5BF11E4C98}
		{6C92F619-C87D-406E-B812-1300ED489573} = {9EDA4335-5216-4BE5-92F9-3F5BF11E4C98}
		{6C88C39B-05ED-425D-BCFE-FC3E6E452CE1} = {9EDA4335-5216-4BE5-92F9-3F5BF11E4C98}
	EndGlobalSection
	GlobalSection(ExtensibilityGlobals) = postSolution
		SolutionGuid = {E6271993-A1E0-4341-8DE1-D843B4524FF9}
	EndGlobalSection
EndGlobal
